
Microsoft Visual Studio Solution File, Format Version 12.00
# Visual Studio Version 17
VisualStudioVersion = 17.8.34322.80
MinimumVisualStudioVersion = 10.0.40219.1
Project("{FAE04EC0-301F-11D3-BF4B-00C04F79EFBC}") = "AlbaHoldingWebAPI", "AlbaHoldingWebAPI.csproj", "{3642297B-B47D-4D0D-9D62-4D356D54A835}"
EndProject
Global
	GlobalSection(SolutionConfigurationPlatforms) = preSolution
		Debug|Any CPU = Debug|Any CPU
		Release|Any CPU = Release|Any CPU
	EndGlobalSection
	GlobalSection(ProjectConfigurationPlatforms) = postSolution
		{3642297B-B47D-4D0D-9D62-4D356D54A835}.Debug|Any CPU.ActiveCfg = Debug|Any CPU
		{3642297B-B47D-4D0D-9D62-4D356D54A835}.Debug|Any CPU.Build.0 = Debug|Any CPU
		{3642297B-B47D-4D0D-9D62-4D356D54A835}.Release|Any CPU.ActiveCfg = Release|Any CPU
		{3642297B-B47D-4D0D-9D62-4D356D54A835}.Release|Any CPU.Build.0 = Release|Any CPU
	EndGlobalSection
	GlobalSection(SolutionProperties) = preSolution
		HideSolutionNode = FALSE
	EndGlobalSection
	GlobalSection(ExtensibilityGlobals) = postSolution
		SolutionGuid = {200777A3-8E96-4363-9473-33202CE392BC}
	EndGlobalSection
EndGlobal
